
Microsoft Visual Studio Solution File, Format Version 12.00
# Visual Studio Version 16
VisualStudioVersion = 16.0.30114.105
MinimumVisualStudioVersion = 10.0.40219.1
Project("{2150E333-8FDC-42A3-9474-1A3956D46DE8}") = "src", "src", "{A16B032D-2FCE-48B6-BA0F-6226C46C905C}"
EndProject
Project("{F2A71F9B-5D33-465A-A702-920D77279786}") = "EndwalkerBot", "src\EndwalkerBot\EndwalkerBot.fsproj", "{984A6999-9561-4969-BBFA-06D698C76A01}"
EndProject
Global
	GlobalSection(SolutionConfigurationPlatforms) = preSolution
		Debug|Any CPU = Debug|Any CPU
		Release|Any CPU = Release|Any CPU
	EndGlobalSection
	GlobalSection(SolutionProperties) = preSolution
		HideSolutionNode = FALSE
	EndGlobalSection
	GlobalSection(ProjectConfigurationPlatforms) = postSolution
		{984A6999-9561-4969-BBFA-06D698C76A01}.Debug|Any CPU.ActiveCfg = Debug|Any CPU
		{984A6999-9561-4969-BBFA-06D698C76A01}.Debug|Any CPU.Build.0 = Debug|Any CPU
		{984A6999-9561-4969-BBFA-06D698C76A01}.Release|Any CPU.ActiveCfg = Release|Any CPU
		{984A6999-9561-4969-BBFA-06D698C76A01}.Release|Any CPU.Build.0 = Release|Any CPU
	EndGlobalSection
	GlobalSection(NestedProjects) = preSolution
		{984A6999-9561-4969-BBFA-06D698C76A01} = {A16B032D-2FCE-48B6-BA0F-6226C46C905C}
	EndGlobalSection
EndGlobal
